
Microsoft Visual Studio Solution File, Format Version 12.00
# Visual Studio Version 17
VisualStudioVersion = 17.3.32929.385
MinimumVisualStudioVersion = 10.0.40219.1
Project("{FAE04EC0-301F-11D3-BF4B-00C04F79EFBC}") = "calc", "calc\calc.csproj", "{438FF737-6152-49EA-B26E-BC0797D0BF59}"
EndProject
Global
	GlobalSection(SolutionConfigurationPlatforms) = preSolution
		Debug|Any CPU = Debug|Any CPU
		Release|Any CPU = Release|Any CPU
	EndGlobalSection
	GlobalSection(ProjectConfigurationPlatforms) = postSolution
		{438FF737-6152-49EA-B26E-BC0797D0BF59}.Debug|Any CPU.ActiveCfg = Debug|Any CPU
		{438FF737-6152-49EA-B26E-BC0797D0BF59}.Debug|Any CPU.Build.0 = Debug|Any CPU
		{438FF737-6152-49EA-B26E-BC0797D0BF59}.Release|Any CPU.ActiveCfg = Release|Any CPU
		{438FF737-6152-49EA-B26E-BC0797D0BF59}.Release|Any CPU.Build.0 = Release|Any CPU
	EndGlobalSection
	GlobalSection(SolutionProperties) = preSolution
		HideSolutionNode = FALSE
	EndGlobalSection
	GlobalSection(ExtensibilityGlobals) = postSolution
		SolutionGuid = {61738BB1-D726-49F5-8A97-91D609D4F276}
	EndGlobalSection
EndGlobal
