
Microsoft Visual Studio Solution File, Format Version 12.00
# Visual Studio Version 17
VisualStudioVersion = 17.3.32929.385
MinimumVisualStudioVersion = 10.0.40219.1
Project("{FAE04EC0-301F-11D3-BF4B-00C04F79EFBC}") = "JuroSimples", "JuroSimples\JuroSimples.csproj", "{7AB5CEA6-CB36-4452-8BF2-F9BA91891E9C}"
EndProject
Global
	GlobalSection(SolutionConfigurationPlatforms) = preSolution
		Debug|Any CPU = Debug|Any CPU
		Release|Any CPU = Release|Any CPU
	EndGlobalSection
	GlobalSection(ProjectConfigurationPlatforms) = postSolution
		{7AB5CEA6-CB36-4452-8BF2-F9BA91891E9C}.Debug|Any CPU.ActiveCfg = Debug|Any CPU
		{7AB5CEA6-CB36-4452-8BF2-F9BA91891E9C}.Debug|Any CPU.Build.0 = Debug|Any CPU
		{7AB5CEA6-CB36-4452-8BF2-F9BA91891E9C}.Release|Any CPU.ActiveCfg = Release|Any CPU
		{7AB5CEA6-CB36-4452-8BF2-F9BA91891E9C}.Release|Any CPU.Build.0 = Release|Any CPU
	EndGlobalSection
	GlobalSection(SolutionProperties) = preSolution
		HideSolutionNode = FALSE
	EndGlobalSection
	GlobalSection(ExtensibilityGlobals) = postSolution
		SolutionGuid = {F1FECF54-A800-4217-B82D-DAE82E99AD58}
	EndGlobalSection
EndGlobal
